
Microsoft Visual Studio Solution File, Format Version 12.00
# Visual Studio Version 16
VisualStudioVersion = 16.0.31702.278
MinimumVisualStudioVersion = 10.0.40219.1
Project("{FAE04EC0-301F-11D3-BF4B-00C04F79EFBC}") = "Bank.cs", "Bank.cs\Bank.cs.csproj", "{C10CE634-249D-4D2F-ABF3-3F032C56CEC6}"
EndProject
Project("{FAE04EC0-301F-11D3-BF4B-00C04F79EFBC}") = "SBIAPP.cs", "SBIAPP.cs\SBIAPP.cs.csproj", "{73208F25-F115-447F-9B23-DE062D74FC3F}"
EndProject
Global
	GlobalSection(SolutionConfigurationPlatforms) = preSolution
		Debug|Any CPU = Debug|Any CPU
		Release|Any CPU = Release|Any CPU
	EndGlobalSection
	GlobalSection(ProjectConfigurationPlatforms) = postSolution
		{C10CE634-249D-4D2F-ABF3-3F032C56CEC6}.Debug|Any CPU.ActiveCfg = Debug|Any CPU
		{C10CE634-249D-4D2F-ABF3-3F032C56CEC6}.Debug|Any CPU.Build.0 = Debug|Any CPU
		{C10CE634-249D-4D2F-ABF3-3F032C56CEC6}.Release|Any CPU.ActiveCfg = Release|Any CPU
		{C10CE634-249D-4D2F-ABF3-3F032C56CEC6}.Release|Any CPU.Build.0 = Release|Any CPU
		{73208F25-F115-447F-9B23-DE062D74FC3F}.Debug|Any CPU.ActiveCfg = Debug|Any CPU
		{73208F25-F115-447F-9B23-DE062D74FC3F}.Debug|Any CPU.Build.0 = Debug|Any CPU
		{73208F25-F115-447F-9B23-DE062D74FC3F}.Release|Any CPU.ActiveCfg = Release|Any CPU
		{73208F25-F115-447F-9B23-DE062D74FC3F}.Release|Any CPU.Build.0 = Release|Any CPU
	EndGlobalSection
	GlobalSection(SolutionProperties) = preSolution
		HideSolutionNode = FALSE
	EndGlobalSection
	GlobalSection(ExtensibilityGlobals) = postSolution
		SolutionGuid = {A34AB604-8AD9-4A77-9C30-92DAB5A78660}
	EndGlobalSection
EndGlobal
