
Microsoft Visual Studio Solution File, Format Version 12.00
# Visual Studio Version 16
VisualStudioVersion = 16.0.31702.278
MinimumVisualStudioVersion = 10.0.40219.1
Project("{FAE04EC0-301F-11D3-BF4B-00C04F79EFBC}") = "HRLib", "HRLib\HRLib.csproj", "{FAC59B59-A6DE-4B09-A7B9-B116D1027572}"
EndProject
Project("{FAE04EC0-301F-11D3-BF4B-00C04F79EFBC}") = "ABCCorporation", "ABCCorporation\ABCCorporation.csproj", "{3F3795B5-6BAB-4570-80A6-AAD8DE3EF526}"
EndProject
Global
	GlobalSection(SolutionConfigurationPlatforms) = preSolution
		Debug|Any CPU = Debug|Any CPU
		Release|Any CPU = Release|Any CPU
	EndGlobalSection
	GlobalSection(ProjectConfigurationPlatforms) = postSolution
		{FAC59B59-A6DE-4B09-A7B9-B116D1027572}.Debug|Any CPU.ActiveCfg = Debug|Any CPU
		{FAC59B59-A6DE-4B09-A7B9-B116D1027572}.Debug|Any CPU.Build.0 = Debug|Any CPU
		{FAC59B59-A6DE-4B09-A7B9-B116D1027572}.Release|Any CPU.ActiveCfg = Release|Any CPU
		{FAC59B59-A6DE-4B09-A7B9-B116D1027572}.Release|Any CPU.Build.0 = Release|Any CPU
		{3F3795B5-6BAB-4570-80A6-AAD8DE3EF526}.Debug|Any CPU.ActiveCfg = Debug|Any CPU
		{3F3795B5-6BAB-4570-80A6-AAD8DE3EF526}.Debug|Any CPU.Build.0 = Debug|Any CPU
		{3F3795B5-6BAB-4570-80A6-AAD8DE3EF526}.Release|Any CPU.ActiveCfg = Release|Any CPU
		{3F3795B5-6BAB-4570-80A6-AAD8DE3EF526}.Release|Any CPU.Build.0 = Release|Any CPU
	EndGlobalSection
	GlobalSection(SolutionProperties) = preSolution
		HideSolutionNode = FALSE
	EndGlobalSection
	GlobalSection(ExtensibilityGlobals) = postSolution
		SolutionGuid = {C9DCC97B-4B95-4A6C-B31E-08B912E38A9D}
	EndGlobalSection
EndGlobal
