
Microsoft Visual Studio Solution File, Format Version 12.00
# Visual Studio Version 16
VisualStudioVersion = 16.0.31702.278
MinimumVisualStudioVersion = 10.0.40219.1
Project("{FAE04EC0-301F-11D3-BF4B-00C04F79EFBC}") = "Type_Collection_Demo", "Type_Collection_Demo\Type_Collection_Demo.csproj", "{3B8A3986-6671-4BE7-8AE9-62E1B01FB23E}"
EndProject
Global
	GlobalSection(SolutionConfigurationPlatforms) = preSolution
		Debug|Any CPU = Debug|Any CPU
		Release|Any CPU = Release|Any CPU
	EndGlobalSection
	GlobalSection(ProjectConfigurationPlatforms) = postSolution
		{3B8A3986-6671-4BE7-8AE9-62E1B01FB23E}.Debug|Any CPU.ActiveCfg = Debug|Any CPU
		{3B8A3986-6671-4BE7-8AE9-62E1B01FB23E}.Debug|Any CPU.Build.0 = Debug|Any CPU
		{3B8A3986-6671-4BE7-8AE9-62E1B01FB23E}.Release|Any CPU.ActiveCfg = Release|Any CPU
		{3B8A3986-6671-4BE7-8AE9-62E1B01FB23E}.Release|Any CPU.Build.0 = Release|Any CPU
	EndGlobalSection
	GlobalSection(SolutionProperties) = preSolution
		HideSolutionNode = FALSE
	EndGlobalSection
	GlobalSection(ExtensibilityGlobals) = postSolution
		SolutionGuid = {5F6541E2-20BA-4309-887A-1986D7766524}
	EndGlobalSection
EndGlobal
